// !$*UTF8*$!
{
	archiveVersion = 1;
	classes = {
	};
	objectVersion = 56;
	objects = {

/* Begin PBXBuildFile section */
		9BF22F9929C624D900DF1BF3 /* BmiCategory.swift in Sources */ = {isa = PBXBuildFile; fileRef = 9BF22F9829C624D900DF1BF3 /* BmiCategory.swift */; };
		9BF22F9B29C62B2400DF1BF3 /* BmiHistory.swift in Sources */ = {isa = PBXBuildFile; fileRef = 9BF22F9A29C62B2400DF1BF3 /* BmiHistory.swift */; };
		9BF22F9D29C62BFF00DF1BF3 /* BmiData.swift in Sources */ = {isa = PBXBuildFile; fileRef = 9BF22F9C29C62BFF00DF1BF3 /* BmiData.swift */; };
		9BF22F9F29C6341800DF1BF3 /* Readme.md in Resources */ = {isa = PBXBuildFile; fileRef = 9BF22F9E29C6341800DF1BF3 /* Readme.md */; };
		9BF22FA329C6350400DF1BF3 /* SCR-20230319-bwio.png in Resources */ = {isa = PBXBuildFile; fileRef = 9BF22FA129C6350400DF1BF3 /* SCR-20230319-bwio.png */; };
		9BF22FA429C6350400DF1BF3 /* SCR-20230319-bwmf.png in Resources */ = {isa = PBXBuildFile; fileRef = 9BF22FA229C6350400DF1BF3 /* SCR-20230319-bwmf.png */; };
		9BFA199029C60DA1006FC81B /* BodyMassIndexApp.swift in Sources */ = {isa = PBXBuildFile; fileRef = 9BFA198F29C60DA1006FC81B /* BodyMassIndexApp.swift */; };
		9BFA199229C60DA1006FC81B /* ContentView.swift in Sources */ = {isa = PBXBuildFile; fileRef = 9BFA199129C60DA1006FC81B /* ContentView.swift */; };
		9BFA199429C60DA2006FC81B /* Assets.xcassets in Resources */ = {isa = PBXBuildFile; fileRef = 9BFA199329C60DA2006FC81B /* Assets.xcassets */; };
		9BFA199729C60DA2006FC81B /* Preview Assets.xcassets in Resources */ = {isa = PBXBuildFile; fileRef = 9BFA199629C60DA2006FC81B /* Preview Assets.xcassets */; };
		9BFA19A029C60E1F006FC81B /* CalculatorView.swift in Sources */ = {isa = PBXBuildFile; fileRef = 9BFA199F29C60E1F006FC81B /* CalculatorView.swift */; };
		9BFA19A229C60E2F006FC81B /* HistoryView.swift in Sources */ = {isa = PBXBuildFile; fileRef = 9BFA19A129C60E2F006FC81B /* HistoryView.swift */; };
/* End PBXBuildFile section */

/* Begin PBXFileReference section */
		9BF22F9829C624D900DF1BF3 /* BmiCategory.swift */ = {isa = PBXFileReference; lastKnownFileType = sourcecode.swift; path = BmiCategory.swift; sourceTree = "<group>"; };
		9BF22F9A29C62B2400DF1BF3 /* BmiHistory.swift */ = {isa = PBXFileReference; lastKnownFileType = sourcecode.swift; path = BmiHistory.swift; sourceTree = "<group>"; };
		9BF22F9C29C62BFF00DF1BF3 /* BmiData.swift */ = {isa = PBXFileReference; lastKnownFileType = sourcecode.swift; path = BmiData.swift; sourceTree = "<group>"; };
		9BF22F9E29C6341800DF1BF3 /* Readme.md */ = {isa = PBXFileReference; lastKnownFileType = net.daringfireball.markdown; path = Readme.md; sourceTree = "<group>"; };
		9BF22FA129C6350400DF1BF3 /* SCR-20230319-bwio.png */ = {isa = PBXFileReference; lastKnownFileType = image.png; path = "SCR-20230319-bwio.png"; sourceTree = "<group>"; };
		9BF22FA229C6350400DF1BF3 /* SCR-20230319-bwmf.png */ = {isa = PBXFileReference; lastKnownFileType = image.png; path = "SCR-20230319-bwmf.png"; sourceTree = "<group>"; };
		9BFA198C29C60DA1006FC81B /* BodyMassIndex.app */ = {isa = PBXFileReference; explicitFileType = wrapper.application; includeInIndex = 0; path = BodyMassIndex.app; sourceTree = BUILT_PRODUCTS_DIR; };
		9BFA198F29C60DA1006FC81B /* BodyMassIndexApp.swift */ = {isa = PBXFileReference; lastKnownFileType = sourcecode.swift; path = BodyMassIndexApp.swift; sourceTree = "<group>"; };
		9BFA199129C60DA1006FC81B /* ContentView.swift */ = {isa = PBXFileReference; lastKnownFileType = sourcecode.swift; path = ContentView.swift; sourceTree = "<group>"; };
		9BFA199329C60DA2006FC81B /* Assets.xcassets */ = {isa = PBXFileReference; lastKnownFileType = folder.assetcatalog; path = Assets.xcassets; sourceTree = "<group>"; };
		9BFA199629C60DA2006FC81B /* Preview Assets.xcassets */ = {isa = PBXFileReference; lastKnownFileType = folder.assetcatalog; path = "Preview Assets.xcassets"; sourceTree = "<group>"; };
		9BFA199F29C60E1F006FC81B /* CalculatorView.swift */ = {isa = PBXFileReference; lastKnownFileType = sourcecode.swift; path = CalculatorView.swift; sourceTree = "<group>"; };
		9BFA19A129C60E2F006FC81B /* HistoryView.swift */ = {isa = PBXFileReference; lastKnownFileType = sourcecode.swift; path = HistoryView.swift; sourceTree = "<group>"; };
/* End PBXFileReference section */

/* Begin PBXFrameworksBuildPhase section */
		9BFA198929C60DA1006FC81B /* Frameworks */ = {
			isa = PBXFrameworksBuildPhase;
			buildActionMask = 2147483647;
			files = (
			);
			runOnlyForDeploymentPostprocessing = 0;
		};
/* End PBXFrameworksBuildPhase section */

/* Begin PBXGroup section */
		9BF22FA029C6342E00DF1BF3 /* Images */ = {
			isa = PBXGroup;
			children = (
				9BF22FA129C6350400DF1BF3 /* SCR-20230319-bwio.png */,
				9BF22FA229C6350400DF1BF3 /* SCR-20230319-bwmf.png */,
			);
			path = Images;
			sourceTree = "<group>";
		};
		9BFA198329C60DA1006FC81B = {
			isa = PBXGroup;
			children = (
				9BF22FA029C6342E00DF1BF3 /* Images */,
				9BF22F9E29C6341800DF1BF3 /* Readme.md */,
				9BFA198E29C60DA1006FC81B /* BodyMassIndex */,
				9BFA198D29C60DA1006FC81B /* Products */,
			);
			sourceTree = "<group>";
		};
		9BFA198D29C60DA1006FC81B /* Products */ = {
			isa = PBXGroup;
			children = (
				9BFA198C29C60DA1006FC81B /* BodyMassIndex.app */,
			);
			name = Products;
			sourceTree = "<group>";
		};
		9BFA198E29C60DA1006FC81B /* BodyMassIndex */ = {
			isa = PBXGroup;
			children = (
				9BFA198F29C60DA1006FC81B /* BodyMassIndexApp.swift */,
				9BFA199F29C60E1F006FC81B /* CalculatorView.swift */,
				9BFA199129C60DA1006FC81B /* ContentView.swift */,
				9BFA19A129C60E2F006FC81B /* HistoryView.swift */,
				9BF22F9829C624D900DF1BF3 /* BmiCategory.swift */,
				9BF22F9A29C62B2400DF1BF3 /* BmiHistory.swift */,
				9BF22F9C29C62BFF00DF1BF3 /* BmiData.swift */,
				9BFA199329C60DA2006FC81B /* Assets.xcassets */,
				9BFA199529C60DA2006FC81B /* Preview Content */,
			);
			path = BodyMassIndex;
			sourceTree = "<group>";
		};
		9BFA199529C60DA2006FC81B /* Preview Content */ = {
			isa = PBXGroup;
			children = (
				9BFA199629C60DA2006FC81B /* Preview Assets.xcassets */,
			);
			path = "Preview Content";
			sourceTree = "<group>";
		};
/* End PBXGroup section */

/* Begin PBXNativeTarget section */
		9BFA198B29C60DA1006FC81B /* BodyMassIndex */ = {
			isa = PBXNativeTarget;
			buildConfigurationList = 9BFA199A29C60DA2006FC81B /* Build configuration list for PBXNativeTarget "BodyMassIndex" */;
			buildPhases = (
				9BFA198829C60DA1006FC81B /* Sources */,
				9BFA198929C60DA1006FC81B /* Frameworks */,
				9BFA198A29C60DA1006FC81B /* Resources */,
			);
			buildRules = (
			);
			dependencies = (
			);
			name = BodyMassIndex;
			productName = BodyMassIndex;
			productReference = 9BFA198C29C60DA1006FC81B /* BodyMassIndex.app */;
			productType = "com.apple.product-type.application";
		};
/* End PBXNativeTarget section */

/* Begin PBXProject section */
		9BFA198429C60DA1006FC81B /* Project object */ = {
			isa = PBXProject;
			attributes = {
				BuildIndependentTargetsInParallel = 1;
				LastSwiftUpdateCheck = 1420;
				LastUpgradeCheck = 1420;
				TargetAttributes = {
					9BFA198B29C60DA1006FC81B = {
						CreatedOnToolsVersion = 14.2;
					};
				};
			};
			buildConfigurationList = 9BFA198729C60DA1006FC81B /* Build configuration list for PBXProject "BodyMassIndex" */;
			compatibilityVersion = "Xcode 14.0";
			developmentRegion = en;
			hasScannedForEncodings = 0;
			knownRegions = (
				en,
				Base,
			);
			mainGroup = 9BFA198329C60DA1006FC81B;
			productRefGroup = 9BFA198D29C60DA1006FC81B /* Products */;
			projectDirPath = "";
			projectRoot = "";
			targets = (
				9BFA198B29C60DA1006FC81B /* BodyMassIndex */,
			);
		};
/* End PBXProject section */

/* Begin PBXResourcesBuildPhase section */
		9BFA198A29C60DA1006FC81B /* Resources */ = {
			isa = PBXResourcesBuildPhase;
			buildActionMask = 2147483647;
			files = (
				9BFA199729C60DA2006FC81B /* Preview Assets.xcassets in Resources */,
				9BF22FA429C6350400DF1BF3 /* SCR-20230319-bwmf.png in Resources */,
				9BFA199429C60DA2006FC81B /* Assets.xcassets in Resources */,
				9BF22F9F29C6341800DF1BF3 /* Readme.md in Resources */,
				9BF22FA329C6350400DF1BF3 /* SCR-20230319-bwio.png in Resources */,
			);
			runOnlyForDeploymentPostprocessing = 0;
		};
/* End PBXResourcesBuildPhase section */

/* Begin PBXSourcesBuildPhase section */
		9BFA198829C60DA1006FC81B /* Sources */ = {
			isa = PBXSourcesBuildPhase;
			buildActionMask = 2147483647;
			files = (
				9BFA199229C60DA1006FC81B /* ContentView.swift in Sources */,
				9BFA19A229C60E2F006FC81B /* HistoryView.swift in Sources */,
				9BFA19A029C60E1F006FC81B /* CalculatorView.swift in Sources */,
				9BF22F9929C624D900DF1BF3 /* BmiCategory.swift in Sources */,
				9BFA199029C60DA1006FC81B /* BodyMassIndexApp.swift in Sources */,
				9BF22F9B29C62B2400DF1BF3 /* BmiHistory.swift in Sources */,
				9BF22F9D29C62BFF00DF1BF3 /* BmiData.swift in Sources */,
			);
			runOnlyForDeploymentPostprocessing = 0;
		};
/* End PBXSourcesBuildPhase section */

/* Begin XCBuildConfiguration section */
		9BFA199829C60DA2006FC81B /* Debug */ = {
			isa = XCBuildConfiguration;
			buildSettings = {
				ALWAYS_SEARCH_USER_PATHS = NO;
				CLANG_ANALYZER_NONNULL = YES;
				CLANG_ANALYZER_NUMBER_OBJECT_CONVERSION = YES_AGGRESSIVE;
				CLANG_CXX_LANGUAGE_STANDARD = "gnu++20";
				CLANG_ENABLE_MODULES = YES;
				CLANG_ENABLE_OBJC_ARC = YES;
				CLANG_ENABLE_OBJC_WEAK = YES;
				CLANG_WARN_BLOCK_CAPTURE_AUTORELEASING = YES;
				CLANG_WARN_BOOL_CONVERSION = YES;
				CLANG_WARN_COMMA = YES;
				CLANG_WARN_CONSTANT_CONVERSION = YES;
				CLANG_WARN_DEPRECATED_OBJC_IMPLEMENTATIONS = YES;
				CLANG_WARN_DIRECT_OBJC_ISA_USAGE = YES_ERROR;
				CLANG_WARN_DOCUMENTATION_COMMENTS = YES;
				CLANG_WARN_EMPTY_BODY = YES;
				CLANG_WARN_ENUM_CONVERSION = YES;
				CLANG_WARN_INFINITE_RECURSION = YES;
				CLANG_WARN_INT_CONVERSION = YES;
				CLANG_WARN_NON_LITERAL_NULL_CONVERSION = YES;
				CLANG_WARN_OBJC_IMPLICIT_RETAIN_SELF = YES;
				CLANG_WARN_OBJC_LITERAL_CONVERSION = YES;
				CLANG_WARN_OBJC_ROOT_CLASS = YES_ERROR;
				CLANG_WARN_QUOTED_INCLUDE_IN_FRAMEWORK_HEADER = YES;
				CLANG_WARN_RANGE_LOOP_ANALYSIS = YES;
				CLANG_WARN_STRICT_PROTOTYPES = YES;
				CLANG_WARN_SUSPICIOUS_MOVE = YES;
				CLANG_WARN_UNGUARDED_AVAILABILITY = YES_AGGRESSIVE;
				CLANG_WARN_UNREACHABLE_CODE = YES;
				CLANG_WARN__DUPLICATE_METHOD_MATCH = YES;
				COPY_PHASE_STRIP = NO;
				DEBUG_INFORMATION_FORMAT = dwarf;
				ENABLE_STRICT_OBJC_MSGSEND = YES;
				ENABLE_TESTABILITY = YES;
				GCC_C_LANGUAGE_STANDARD = gnu11;
				GCC_DYNAMIC_NO_PIC = NO;
				GCC_NO_COMMON_BLOCKS = YES;
				GCC_OPTIMIZATION_LEVEL = 0;
				GCC_PREPROCESSOR_DEFINITIONS = (
					"DEBUG=1",
					"$(inherited)",
				);
				GCC_WARN_64_TO_32_BIT_CONVERSION = YES;
				GCC_WARN_ABOUT_RETURN_TYPE = YES_ERROR;
				GCC_WARN_UNDECLARED_SELECTOR = YES;
				GCC_WARN_UNINITIALIZED_AUTOS = YES_AGGRESSIVE;
				GCC_WARN_UNUSED_FUNCTION = YES;
				GCC_WARN_UNUSED_VARIABLE = YES;
				IPHONEOS_DEPLOYMENT_TARGET = 16.2;
				MTL_ENABLE_DEBUG_INFO = INCLUDE_SOURCE;
				MTL_FAST_MATH = YES;
				ONLY_ACTIVE_ARCH = YES;
				SDKROOT = iphoneos;
				SWIFT_ACTIVE_COMPILATION_CONDITIONS = DEBUG;
				SWIFT_OPTIMIZATION_LEVEL = "-Onone";
			};
			name = Debug;
		};
		9BFA199929C60DA2006FC81B /* Release */ = {
			isa = XCBuildConfiguration;
			buildSettings = {
				ALWAYS_SEARCH_USER_PATHS = NO;
				CLANG_ANALYZER_NONNULL = YES;
				CLANG_ANALYZER_NUMBER_OBJECT_CONVERSION = YES_AGGRESSIVE;
				CLANG_CXX_LANGUAGE_STANDARD = "gnu++20";
				CLANG_ENABLE_MODULES = YES;
				CLANG_ENABLE_OBJC_ARC = YES;
				CLANG_ENABLE_OBJC_WEAK = YES;
				CLANG_WARN_BLOCK_CAPTURE_AUTORELEASING = YES;
				CLANG_WARN_BOOL_CONVERSION = YES;
				CLANG_WARN_COMMA = YES;
				CLANG_WARN_CONSTANT_CONVERSION = YES;
				CLANG_WARN_DEPRECATED_OBJC_IMPLEMENTATIONS = YES;
				CLANG_WARN_DIRECT_OBJC_ISA_USAGE = YES_ERROR;
				CLANG_WARN_DOCUMENTATION_COMMENTS = YES;
				CLANG_WARN_EMPTY_BODY = YES;
				CLANG_WARN_ENUM_CONVERSION = YES;
				CLANG_WARN_INFINITE_RECURSION = YES;
				CLANG_WARN_INT_CONVERSION = YES;
				CLANG_WARN_NON_LITERAL_NULL_CONVERSION = YES;
				CLANG_WARN_OBJC_IMPLICIT_RETAIN_SELF = YES;
				CLANG_WARN_OBJC_LITERAL_CONVERSION = YES;
				CLANG_WARN_OBJC_ROOT_CLASS = YES_ERROR;
				CLANG_WARN_QUOTED_INCLUDE_IN_FRAMEWORK_HEADER = YES;
				CLANG_WARN_RANGE_LOOP_ANALYSIS = YES;
				CLANG_WARN_STRICT_PROTOTYPES = YES;
				CLANG_WARN_SUSPICIOUS_MOVE = YES;
				CLANG_WARN_UNGUARDED_AVAILABILITY = YES_AGGRESSIVE;
				CLANG_WARN_UNREACHABLE_CODE = YES;
				CLANG_WARN__DUPLICATE_METHOD_MATCH = YES;
				COPY_PHASE_STRIP = NO;
				DEBUG_INFORMATION_FORMAT = "dwarf-with-dsym";
				ENABLE_NS_ASSERTIONS = NO;
				ENABLE_STRICT_OBJC_MSGSEND = YES;
				GCC_C_LANGUAGE_STANDARD = gnu11;
				GCC_NO_COMMON_BLOCKS = YES;
				GCC_WARN_64_TO_32_BIT_CONVERSION = YES;
				GCC_WARN_ABOUT_RETURN_TYPE = YES_ERROR;
				GCC_WARN_UNDECLARED_SELECTOR = YES;
				GCC_WARN_UNINITIALIZED_AUTOS = YES_AGGRESSIVE;
				GCC_WARN_UNUSED_FUNCTION = YES;
				GCC_WARN_UNUSED_VARIABLE = YES;
				IPHONEOS_DEPLOYMENT_TARGET = 16.2;
				MTL_ENABLE_DEBUG_INFO = NO;
				MTL_FAST_MATH = YES;
				SDKROOT = iphoneos;
				SWIFT_COMPILATION_MODE = wholemodule;
				SWIFT_OPTIMIZATION_LEVEL = "-O";
				VALIDATE_PRODUCT = YES;
			};
			name = Release;
		};
		9BFA199B29C60DA2006FC81B /* Debug */ = {
			isa = XCBuildConfiguration;
			buildSettings = {
				ASSETCATALOG_COMPILER_APPICON_NAME = AppIcon;
				ASSETCATALOG_COMPILER_GLOBAL_ACCENT_COLOR_NAME = AccentColor;
				CODE_SIGN_STYLE = Automatic;
				CURRENT_PROJECT_VERSION = 1;
				DEVELOPMENT_ASSET_PATHS = "\"BodyMassIndex/Preview Content\"";
				DEVELOPMENT_TEAM = 9299QHCW64;
				ENABLE_PREVIEWS = YES;
				GENERATE_INFOPLIST_FILE = YES;
				INFOPLIST_KEY_UIApplicationSceneManifest_Generation = YES;
				INFOPLIST_KEY_UIApplicationSupportsIndirectInputEvents = YES;
				INFOPLIST_KEY_UILaunchScreen_Generation = YES;
				INFOPLIST_KEY_UISupportedInterfaceOrientations_iPad = "UIInterfaceOrientationPortrait UIInterfaceOrientationPortraitUpsideDown UIInterfaceOrientationLandscapeLeft UIInterfaceOrientationLandscapeRight";
				INFOPLIST_KEY_UISupportedInterfaceOrientations_iPhone = "UIInterfaceOrientationPortrait UIInterfaceOrientationLandscapeLeft UIInterfaceOrientationLandscapeRight";
				LD_RUNPATH_SEARCH_PATHS = (
					"$(inherited)",
					"@executable_path/Frameworks",
				);
				MARKETING_VERSION = 1.0;
				PRODUCT_BUNDLE_IDENTIFIER = dev.adryanev.BodyMassIndex;
				PRODUCT_NAME = "$(TARGET_NAME)";
				SWIFT_EMIT_LOC_STRINGS = YES;
				SWIFT_VERSION = 5.0;
				TARGETED_DEVICE_FAMILY = "1,2";
			};
			name = Debug;
		};
		9BFA199C29C60DA2006FC81B /* Release */ = {
			isa = XCBuildConfiguration;
			buildSettings = {
				ASSETCATALOG_COMPILER_APPICON_NAME = AppIcon;
				ASSETCATALOG_COMPILER_GLOBAL_ACCENT_COLOR_NAME = AccentColor;
				CODE_SIGN_STYLE = Automatic;
				CURRENT_PROJECT_VERSION = 1;
				DEVELOPMENT_ASSET_PATHS = "\"BodyMassIndex/Preview Content\"";
				DEVELOPMENT_TEAM = 9299QHCW64;
				ENABLE_PREVIEWS = YES;
				GENERATE_INFOPLIST_FILE = YES;
				INFOPLIST_KEY_UIApplicationSceneManifest_Generation = YES;
				INFOPLIST_KEY_UIApplicationSupportsIndirectInputEvents = YES;
				INFOPLIST_KEY_UILaunchScreen_Generation = YES;
				INFOPLIST_KEY_UISupportedInterfaceOrientations_iPad = "UIInterfaceOrientationPortrait UIInterfaceOrientationPortraitUpsideDown UIInterfaceOrientationLandscapeLeft UIInterfaceOrientationLandscapeRight";
				INFOPLIST_KEY_UISupportedInterfaceOrientations_iPhone = "UIInterfaceOrientationPortrait UIInterfaceOrientationLandscapeLeft UIInterfaceOrientationLandscapeRight";
				LD_RUNPATH_SEARCH_PATHS = (
					"$(inherited)",
					"@executable_path/Frameworks",
				);
				MARKETING_VERSION = 1.0;
				PRODUCT_BUNDLE_IDENTIFIER = dev.adryanev.BodyMassIndex;
				PRODUCT_NAME = "$(TARGET_NAME)";
				SWIFT_EMIT_LOC_STRINGS = YES;
				SWIFT_VERSION = 5.0;
				TARGETED_DEVICE_FAMILY = "1,2";
			};
			name = Release;
		};
/* End XCBuildConfiguration section */

/* Begin XCConfigurationList section */
		9BFA198729C60DA1006FC81B /* Build configuration list for PBXProject "BodyMassIndex" */ = {
			isa = XCConfigurationList;
			buildConfigurations = (
				9BFA199829C60DA2006FC81B /* Debug */,
				9BFA199929C60DA2006FC81B /* Release */,
			);
			defaultConfigurationIsVisible = 0;
			defaultConfigurationName = Release;
		};
		9BFA199A29C60DA2006FC81B /* Build configuration list for PBXNativeTarget "BodyMassIndex" */ = {
			isa = XCConfigurationList;
			buildConfigurations = (
				9BFA199B29C60DA2006FC81B /* Debug */,
				9BFA199C29C60DA2006FC81B /* Release */,
			);
			defaultConfigurationIsVisible = 0;
			defaultConfigurationName = Release;
		};
/* End XCConfigurationList section */
	};
	rootObject = 9BFA198429C60DA1006FC81B /* Project object */;
}
